// !$*UTF8*$!
{
	archiveVersion = 1;
	classes = {
	};
	objectVersion = 50;
	objects = {

/* Begin PBXBuildFile section */
		B491FD34215C28B200AC60E9 /* AppDelegate.swift in Sources */ = {isa = PBXBuildFile; fileRef = B491FD33215C28B200AC60E9 /* AppDelegate.swift */; };
		B491FD36215C28B200AC60E9 /* ViewController.swift in Sources */ = {isa = PBXBuildFile; fileRef = B491FD35215C28B200AC60E9 /* ViewController.swift */; };
		B491FD39215C28B200AC60E9 /* Main.storyboard in Resources */ = {isa = PBXBuildFile; fileRef = B491FD37215C28B200AC60E9 /* Main.storyboard */; };
		B491FD3B215C28B300AC60E9 /* Assets.xcassets in Resources */ = {isa = PBXBuildFile; fileRef = B491FD3A215C28B300AC60E9 /* Assets.xcassets */; };
		B491FD3E215C28B300AC60E9 /* LaunchScreen.storyboard in Resources */ = {isa = PBXBuildFile; fileRef = B491FD3C215C28B300AC60E9 /* LaunchScreen.storyboard */; };
		B491FD46215C2A0500AC60E9 /* ViewControllerUsuario.swift in Sources */ = {isa = PBXBuildFile; fileRef = B491FD45215C2A0500AC60E9 /* ViewControllerUsuario.swift */; };
		B491FD48215D20B500AC60E9 /* ViewControllerPreguntas.swift in Sources */ = {isa = PBXBuildFile; fileRef = B491FD47215D20B500AC60E9 /* ViewControllerPreguntas.swift */; };
/* End PBXBuildFile section */

/* Begin PBXFileReference section */
		B491FD30215C28B200AC60E9 /* Prevención de Ruta Final.app */ = {isa = PBXFileReference; explicitFileType = wrapper.application; includeInIndex = 0; path = "Prevención de Ruta Final.app"; sourceTree = BUILT_PRODUCTS_DIR; };
		B491FD33215C28B200AC60E9 /* AppDelegate.swift */ = {isa = PBXFileReference; lastKnownFileType = sourcecode.swift; path = AppDelegate.swift; sourceTree = "<group>"; };
		B491FD35215C28B200AC60E9 /* ViewController.swift */ = {isa = PBXFileReference; lastKnownFileType = sourcecode.swift; path = ViewController.swift; sourceTree = "<group>"; };
		B491FD38215C28B200AC60E9 /* Base */ = {isa = PBXFileReference; lastKnownFileType = file.storyboard; name = Base; path = Base.lproj/Main.storyboard; sourceTree = "<group>"; };
		B491FD3A215C28B300AC60E9 /* Assets.xcassets */ = {isa = PBXFileReference; lastKnownFileType = folder.assetcatalog; path = Assets.xcassets; sourceTree = "<group>"; };
		B491FD3D215C28B300AC60E9 /* Base */ = {isa = PBXFileReference; lastKnownFileType = file.storyboard; name = Base; path = Base.lproj/LaunchScreen.storyboard; sourceTree = "<group>"; };
		B491FD3F215C28B300AC60E9 /* Info.plist */ = {isa = PBXFileReference; lastKnownFileType = text.plist.xml; path = Info.plist; sourceTree = "<group>"; };
		B491FD45215C2A0500AC60E9 /* ViewControllerUsuario.swift */ = {isa = PBXFileReference; lastKnownFileType = sourcecode.swift; path = ViewControllerUsuario.swift; sourceTree = "<group>"; };
		B491FD47215D20B500AC60E9 /* ViewControllerPreguntas.swift */ = {isa = PBXFileReference; lastKnownFileType = sourcecode.swift; path = ViewControllerPreguntas.swift; sourceTree = "<group>"; };
/* End PBXFileReference section */

/* Begin PBXFrameworksBuildPhase section */
		B491FD2D215C28B200AC60E9 /* Frameworks */ = {
			isa = PBXFrameworksBuildPhase;
			buildActionMask = 2147483647;
			files = (
			);
			runOnlyForDeploymentPostprocessing = 0;
		};
/* End PBXFrameworksBuildPhase section */

/* Begin PBXGroup section */
		B491FD27215C28B200AC60E9 = {
			isa = PBXGroup;
			children = (
				B491FD32215C28B200AC60E9 /* Prevención de Ruta Final */,
				B491FD31215C28B200AC60E9 /* Products */,
			);
			sourceTree = "<group>";
		};
		B491FD31215C28B200AC60E9 /* Products */ = {
			isa = PBXGroup;
			children = (
				B491FD30215C28B200AC60E9 /* Prevención de Ruta Final.app */,
			);
			name = Products;
			sourceTree = "<group>";
		};
		B491FD32215C28B200AC60E9 /* Prevención de Ruta Final */ = {
			isa = PBXGroup;
			children = (
				B491FD33215C28B200AC60E9 /* AppDelegate.swift */,
				B491FD35215C28B200AC60E9 /* ViewController.swift */,
				B491FD37215C28B200AC60E9 /* Main.storyboard */,
				B491FD47215D20B500AC60E9 /* ViewControllerPreguntas.swift */,
				B491FD45215C2A0500AC60E9 /* ViewControllerUsuario.swift */,
				B491FD3A215C28B300AC60E9 /* Assets.xcassets */,
				B491FD3C215C28B300AC60E9 /* LaunchScreen.storyboard */,
				B491FD3F215C28B300AC60E9 /* Info.plist */,
			);
			path = "Prevención de Ruta Final";
			sourceTree = "<group>";
		};
/* End PBXGroup section */

/* Begin PBXNativeTarget section */
		B491FD2F215C28B200AC60E9 /* Prevención de Ruta Final */ = {
			isa = PBXNativeTarget;
			buildConfigurationList = B491FD42215C28B300AC60E9 /* Build configuration list for PBXNativeTarget "Prevención de Ruta Final" */;
			buildPhases = (
				B491FD2C215C28B200AC60E9 /* Sources */,
				B491FD2D215C28B200AC60E9 /* Frameworks */,
				B491FD2E215C28B200AC60E9 /* Resources */,
			);
			buildRules = (
			);
			dependencies = (
			);
			name = "Prevención de Ruta Final";
			productName = "Prevención de Ruta Final";
			productReference = B491FD30215C28B200AC60E9 /* Prevención de Ruta Final.app */;
			productType = "com.apple.product-type.application";
		};
/* End PBXNativeTarget section */

/* Begin PBXProject section */
		B491FD28215C28B200AC60E9 /* Project object */ = {
			isa = PBXProject;
			attributes = {
				LastSwiftUpdateCheck = 1000;
				LastUpgradeCheck = 1000;
				ORGANIZATIONNAME = "Carlos Fernando Garza Martinez";
				TargetAttributes = {
					B491FD2F215C28B200AC60E9 = {
						CreatedOnToolsVersion = 10.0;
					};
				};
			};
			buildConfigurationList = B491FD2B215C28B200AC60E9 /* Build configuration list for PBXProject "Prevención de Ruta Final" */;
			compatibilityVersion = "Xcode 9.3";
			developmentRegion = en;
			hasScannedForEncodings = 0;
			knownRegions = (
				en,
				Base,
			);
			mainGroup = B491FD27215C28B200AC60E9;
			productRefGroup = B491FD31215C28B200AC60E9 /* Products */;
			projectDirPath = "";
			projectRoot = "";
			targets = (
				B491FD2F215C28B200AC60E9 /* Prevención de Ruta Final */,
			);
		};
/* End PBXProject section */

/* Begin PBXResourcesBuildPhase section */
		B491FD2E215C28B200AC60E9 /* Resources */ = {
			isa = PBXResourcesBuildPhase;
			buildActionMask = 2147483647;
			files = (
				B491FD3E215C28B300AC60E9 /* LaunchScreen.storyboard in Resources */,
				B491FD3B215C28B300AC60E9 /* Assets.xcassets in Resources */,
				B491FD39215C28B200AC60E9 /* Main.storyboard in Resources */,
			);
			runOnlyForDeploymentPostprocessing = 0;
		};
/* End PBXResourcesBuildPhase section */

/* Begin PBXSourcesBuildPhase section */
		B491FD2C215C28B200AC60E9 /* Sources */ = {
			isa = PBXSourcesBuildPhase;
			buildActionMask = 2147483647;
			files = (
				B491FD48215D20B500AC60E9 /* ViewControllerPreguntas.swift in Sources */,
				B491FD46215C2A0500AC60E9 /* ViewControllerUsuario.swift in Sources */,
				B491FD36215C28B200AC60E9 /* ViewController.swift in Sources */,
				B491FD34215C28B200AC60E9 /* AppDelegate.swift in Sources */,
			);
			runOnlyForDeploymentPostprocessing = 0;
		};
/* End PBXSourcesBuildPhase section */

/* Begin PBXVariantGroup section */
		B491FD37215C28B200AC60E9 /* Main.storyboard */ = {
			isa = PBXVariantGroup;
			children = (
				B491FD38215C28B200AC60E9 /* Base */,
			);
			name = Main.storyboard;
			sourceTree = "<group>";
		};
		B491FD3C215C28B300AC60E9 /* LaunchScreen.storyboard */ = {
			isa = PBXVariantGroup;
			children = (
				B491FD3D215C28B300AC60E9 /* Base */,
			);
			name = LaunchScreen.storyboard;
			sourceTree = "<group>";
		};
/* End PBXVariantGroup section */

/* Begin XCBuildConfiguration section */
		B491FD40215C28B300AC60E9 /* Debug */ = {
			isa = XCBuildConfiguration;
			buildSettings = {
				ALWAYS_SEARCH_USER_PATHS = NO;
				CLANG_ANALYZER_NONNULL = YES;
				CLANG_ANALYZER_NUMBER_OBJECT_CONVERSION = YES_AGGRESSIVE;
				CLANG_CXX_LANGUAGE_STANDARD = "gnu++14";
				CLANG_CXX_LIBRARY = "libc++";
				CLANG_ENABLE_MODULES = YES;
				CLANG_ENABLE_OBJC_ARC = YES;
				CLANG_ENABLE_OBJC_WEAK = YES;
				CLANG_WARN_BLOCK_CAPTURE_AUTORELEASING = YES;
				CLANG_WARN_BOOL_CONVERSION = YES;
				CLANG_WARN_COMMA = YES;
				CLANG_WARN_CONSTANT_CONVERSION = YES;
				CLANG_WARN_DEPRECATED_OBJC_IMPLEMENTATIONS = YES;
				CLANG_WARN_DIRECT_OBJC_ISA_USAGE = YES_ERROR;
				CLANG_WARN_DOCUMENTATION_COMMENTS = YES;
				CLANG_WARN_EMPTY_BODY = YES;
				CLANG_WARN_ENUM_CONVERSION = YES;
				CLANG_WARN_INFINITE_RECURSION = YES;
				CLANG_WARN_INT_CONVERSION = YES;
				CLANG_WARN_NON_LITERAL_NULL_CONVERSION = YES;
				CLANG_WARN_OBJC_IMPLICIT_RETAIN_SELF = YES;
				CLANG_WARN_OBJC_LITERAL_CONVERSION = YES;
				CLANG_WARN_OBJC_ROOT_CLASS = YES_ERROR;
				CLANG_WARN_RANGE_LOOP_ANALYSIS = YES;
				CLANG_WARN_STRICT_PROTOTYPES = YES;
				CLANG_WARN_SUSPICIOUS_MOVE = YES;
				CLANG_WARN_UNGUARDED_AVAILABILITY = YES_AGGRESSIVE;
				CLANG_WARN_UNREACHABLE_CODE = YES;
				CLANG_WARN__DUPLICATE_METHOD_MATCH = YES;
				CODE_SIGN_IDENTITY = "iPhone Developer";
				COPY_PHASE_STRIP = NO;
				DEBUG_INFORMATION_FORMAT = dwarf;
				ENABLE_STRICT_OBJC_MSGSEND = YES;
				ENABLE_TESTABILITY = YES;
				GCC_C_LANGUAGE_STANDARD = gnu11;
				GCC_DYNAMIC_NO_PIC = NO;
				GCC_NO_COMMON_BLOCKS = YES;
				GCC_OPTIMIZATION_LEVEL = 0;
				GCC_PREPROCESSOR_DEFINITIONS = (
					"DEBUG=1",
					"$(inherited)",
				);
				GCC_WARN_64_TO_32_BIT_CONVERSION = YES;
				GCC_WARN_ABOUT_RETURN_TYPE = YES_ERROR;
				GCC_WARN_UNDECLARED_SELECTOR = YES;
				GCC_WARN_UNINITIALIZED_AUTOS = YES_AGGRESSIVE;
				GCC_WARN_UNUSED_FUNCTION = YES;
				GCC_WARN_UNUSED_VARIABLE = YES;
				IPHONEOS_DEPLOYMENT_TARGET = 12.0;
				MTL_ENABLE_DEBUG_INFO = INCLUDE_SOURCE;
				MTL_FAST_MATH = YES;
				ONLY_ACTIVE_ARCH = YES;
				SDKROOT = iphoneos;
				SWIFT_ACTIVE_COMPILATION_CONDITIONS = DEBUG;
				SWIFT_OPTIMIZATION_LEVEL = "-Onone";
			};
			name = Debug;
		};
		B491FD41215C28B300AC60E9 /* Release */ = {
			isa = XCBuildConfiguration;
			buildSettings = {
				ALWAYS_SEARCH_USER_PATHS = NO;
				CLANG_ANALYZER_NONNULL = YES;
				CLANG_ANALYZER_NUMBER_OBJECT_CONVERSION = YES_AGGRESSIVE;
				CLANG_CXX_LANGUAGE_STANDARD = "gnu++14";
				CLANG_CXX_LIBRARY = "libc++";
				CLANG_ENABLE_MODULES = YES;
				CLANG_ENABLE_OBJC_ARC = YES;
				CLANG_ENABLE_OBJC_WEAK = YES;
				CLANG_WARN_BLOCK_CAPTURE_AUTORELEASING = YES;
				CLANG_WARN_BOOL_CONVERSION = YES;
				CLANG_WARN_COMMA = YES;
				CLANG_WARN_CONSTANT_CONVERSION = YES;
				CLANG_WARN_DEPRECATED_OBJC_IMPLEMENTATIONS = YES;
				CLANG_WARN_DIRECT_OBJC_ISA_USAGE = YES_ERROR;
				CLANG_WARN_DOCUMENTATION_COMMENTS = YES;
				CLANG_WARN_EMPTY_BODY = YES;
				CLANG_WARN_ENUM_CONVERSION = YES;
				CLANG_WARN_INFINITE_RECURSION = YES;
				CLANG_WARN_INT_CONVERSION = YES;
				CLANG_WARN_NON_LITERAL_NULL_CONVERSION = YES;
				CLANG_WARN_OBJC_IMPLICIT_RETAIN_SELF = YES;
				CLANG_WARN_OBJC_LITERAL_CONVERSION = YES;
				CLANG_WARN_OBJC_ROOT_CLASS = YES_ERROR;
				CLANG_WARN_RANGE_LOOP_ANALYSIS = YES;
				CLANG_WARN_STRICT_PROTOTYPES = YES;
				CLANG_WARN_SUSPICIOUS_MOVE = YES;
				CLANG_WARN_UNGUARDED_AVAILABILITY = YES_AGGRESSIVE;
				CLANG_WARN_UNREACHABLE_CODE = YES;
				CLANG_WARN__DUPLICATE_METHOD_MATCH = YES;
				CODE_SIGN_IDENTITY = "iPhone Developer";
				COPY_PHASE_STRIP = NO;
				DEBUG_INFORMATION_FORMAT = "dwarf-with-dsym";
				ENABLE_NS_ASSERTIONS = NO;
				ENABLE_STRICT_OBJC_MSGSEND = YES;
				GCC_C_LANGUAGE_STANDARD = gnu11;
				GCC_NO_COMMON_BLOCKS = YES;
				GCC_WARN_64_TO_32_BIT_CONVERSION = YES;
				GCC_WARN_ABOUT_RETURN_TYPE = YES_ERROR;
				GCC_WARN_UNDECLARED_SELECTOR = YES;
				GCC_WARN_UNINITIALIZED_AUTOS = YES_AGGRESSIVE;
				GCC_WARN_UNUSED_FUNCTION = YES;
				GCC_WARN_UNUSED_VARIABLE = YES;
				IPHONEOS_DEPLOYMENT_TARGET = 12.0;
				MTL_ENABLE_DEBUG_INFO = NO;
				MTL_FAST_MATH = YES;
				SDKROOT = iphoneos;
				SWIFT_COMPILATION_MODE = wholemodule;
				SWIFT_OPTIMIZATION_LEVEL = "-O";
				VALIDATE_PRODUCT = YES;
			};
			name = Release;
		};
		B491FD43215C28B300AC60E9 /* Debug */ = {
			isa = XCBuildConfiguration;
			buildSettings = {
				ASSETCATALOG_COMPILER_APPICON_NAME = AppIcon;
				CODE_SIGN_STYLE = Automatic;
				DEVELOPMENT_TEAM = Q6WW69QFGQ;
				INFOPLIST_FILE = "Prevención de Ruta Final/Info.plist";
				LD_RUNPATH_SEARCH_PATHS = (
					"$(inherited)",
					"@executable_path/Frameworks",
				);
				PRODUCT_BUNDLE_IDENTIFIER = "Carlos-Garza.Prevencio-n-de-Ruta-Final";
				PRODUCT_NAME = "$(TARGET_NAME)";
				SWIFT_VERSION = 4.2;
				TARGETED_DEVICE_FAMILY = "1,2";
			};
			name = Debug;
		};
		B491FD44215C28B300AC60E9 /* Release */ = {
			isa = XCBuildConfiguration;
			buildSettings = {
				ASSETCATALOG_COMPILER_APPICON_NAME = AppIcon;
				CODE_SIGN_STYLE = Automatic;
				DEVELOPMENT_TEAM = Q6WW69QFGQ;
				INFOPLIST_FILE = "Prevención de Ruta Final/Info.plist";
				LD_RUNPATH_SEARCH_PATHS = (
					"$(inherited)",
					"@executable_path/Frameworks",
				);
				PRODUCT_BUNDLE_IDENTIFIER = "Carlos-Garza.Prevencio-n-de-Ruta-Final";
				PRODUCT_NAME = "$(TARGET_NAME)";
				SWIFT_VERSION = 4.2;
				TARGETED_DEVICE_FAMILY = "1,2";
			};
			name = Release;
		};
/* End XCBuildConfiguration section */

/* Begin XCConfigurationList section */
		B491FD2B215C28B200AC60E9 /* Build configuration list for PBXProject "Prevención de Ruta Final" */ = {
			isa = XCConfigurationList;
			buildConfigurations = (
				B491FD40215C28B300AC60E9 /* Debug */,
				B491FD41215C28B300AC60E9 /* Release */,
			);
			defaultConfigurationIsVisible = 0;
			defaultConfigurationName = Release;
		};
		B491FD42215C28B300AC60E9 /* Build configuration list for PBXNativeTarget "Prevención de Ruta Final" */ = {
			isa = XCConfigurationList;
			buildConfigurations = (
				B491FD43215C28B300AC60E9 /* Debug */,
				B491FD44215C28B300AC60E9 /* Release */,
			);
			defaultConfigurationIsVisible = 0;
			defaultConfigurationName = Release;
		};
/* End XCConfigurationList section */
	};
	rootObject = B491FD28215C28B200AC60E9 /* Project object */;
}
